{
  "name": "omegas-dev",
  "version": "0.1.4",
  "lockfileVersion": 3,
  "requires": true,
  "packages": {
    "": {
      "name": "omegas-dev",
      "version": "0.1.4",
      "license": "MIT",
      "bin": {
        "omegas-dev": "bin/omegas-dev.js"
      },
      "engines": {
        "node": ">=20"
      }
    }
  }
}
