{
  "name": "@omegas/continuity",
  "version": "0.2.0",
  "lockfileVersion": 3,
  "requires": true,
  "packages": {
    "": {
      "name": "@omegas/continuity",
      "version": "0.2.0",
      "license": "MIT",
      "bin": {
        "continuity": "bin/omegas-dev.js"
      },
      "engines": {
        "node": ">=20"
      }
    }
  }
}
